
Microsoft Visual Studio Solution File, Format Version 12.00
# Visual Studio 15
VisualStudioVersion = 15.0.26730.16
MinimumVisualStudioVersion = 10.0.40219.1
Project("{FAE04EC0-301F-11D3-BF4B-00C04F79EFBC}") = "01.DayOfWeek", "01.DayOfWeek\01.DayOfWeek.csproj", "{AFC6A984-859E-4E2F-BD77-B3F896E43936}"
EndProject
Project("{FAE04EC0-301F-11D3-BF4B-00C04F79EFBC}") = "02.RandomizeWords", "02.RandomizeWords\02.RandomizeWords.csproj", "{7BEAEA35-D8E6-4E2B-A1D3-23BD01B5798A}"
EndProject
Project("{FAE04EC0-301F-11D3-BF4B-00C04F79EFBC}") = "03.BigFactorial", "03.BigFactorial\03.BigFactorial.csproj", "{E1C11883-51B6-42D0-9C11-A22E3982A8FF}"
EndProject
Project("{FAE04EC0-301F-11D3-BF4B-00C04F79EFBC}") = "04.DistanceBetweenPoints", "04.DistanceBetweenPoints\04.DistanceBetweenPoints.csproj", "{7497BABD-4531-48F1-8B47-010EAE3C9D05}"
EndProject
Project("{FAE04EC0-301F-11D3-BF4B-00C04F79EFBC}") = "07.SalesReport", "07.SalesReport\07.SalesReport.csproj", "{9F1FA2C1-FACA-46F1-99A1-DC64E616E7D8}"
EndProject
Global
	GlobalSection(SolutionConfigurationPlatforms) = preSolution
		Debug|Any CPU = Debug|Any CPU
		Release|Any CPU = Release|Any CPU
	EndGlobalSection
	GlobalSection(ProjectConfigurationPlatforms) = postSolution
		{AFC6A984-859E-4E2F-BD77-B3F896E43936}.Debug|Any CPU.ActiveCfg = Debug|Any CPU
		{AFC6A984-859E-4E2F-BD77-B3F896E43936}.Debug|Any CPU.Build.0 = Debug|Any CPU
		{AFC6A984-859E-4E2F-BD77-B3F896E43936}.Release|Any CPU.ActiveCfg = Release|Any CPU
		{AFC6A984-859E-4E2F-BD77-B3F896E43936}.Release|Any CPU.Build.0 = Release|Any CPU
		{7BEAEA35-D8E6-4E2B-A1D3-23BD01B5798A}.Debug|Any CPU.ActiveCfg = Debug|Any CPU
		{7BEAEA35-D8E6-4E2B-A1D3-23BD01B5798A}.Debug|Any CPU.Build.0 = Debug|Any CPU
		{7BEAEA35-D8E6-4E2B-A1D3-23BD01B5798A}.Release|Any CPU.ActiveCfg = Release|Any CPU
		{7BEAEA35-D8E6-4E2B-A1D3-23BD01B5798A}.Release|Any CPU.Build.0 = Release|Any CPU
		{E1C11883-51B6-42D0-9C11-A22E3982A8FF}.Debug|Any CPU.ActiveCfg = Debug|Any CPU
		{E1C11883-51B6-42D0-9C11-A22E3982A8FF}.Debug|Any CPU.Build.0 = Debug|Any CPU
		{E1C11883-51B6-42D0-9C11-A22E3982A8FF}.Release|Any CPU.ActiveCfg = Release|Any CPU
		{E1C11883-51B6-42D0-9C11-A22E3982A8FF}.Release|Any CPU.Build.0 = Release|Any CPU
		{7497BABD-4531-48F1-8B47-010EAE3C9D05}.Debug|Any CPU.ActiveCfg = Debug|Any CPU
		{7497BABD-4531-48F1-8B47-010EAE3C9D05}.Debug|Any CPU.Build.0 = Debug|Any CPU
		{7497BABD-4531-48F1-8B47-010EAE3C9D05}.Release|Any CPU.ActiveCfg = Release|Any CPU
		{7497BABD-4531-48F1-8B47-010EAE3C9D05}.Release|Any CPU.Build.0 = Release|Any CPU
		{9F1FA2C1-FACA-46F1-99A1-DC64E616E7D8}.Debug|Any CPU.ActiveCfg = Debug|Any CPU
		{9F1FA2C1-FACA-46F1-99A1-DC64E616E7D8}.Debug|Any CPU.Build.0 = Debug|Any CPU
		{9F1FA2C1-FACA-46F1-99A1-DC64E616E7D8}.Release|Any CPU.ActiveCfg = Release|Any CPU
		{9F1FA2C1-FACA-46F1-99A1-DC64E616E7D8}.Release|Any CPU.Build.0 = Release|Any CPU
	EndGlobalSection
	GlobalSection(SolutionProperties) = preSolution
		HideSolutionNode = FALSE
	EndGlobalSection
	GlobalSection(ExtensibilityGlobals) = postSolution
		SolutionGuid = {B223EB29-A6EE-4FD7-9B95-A6D8EF8AFB64}
	EndGlobalSection
EndGlobal
