
Microsoft Visual Studio Solution File, Format Version 12.00
# Visual Studio 15
VisualStudioVersion = 15.0.26730.16
MinimumVisualStudioVersion = 10.0.40219.1
Project("{FAE04EC0-301F-11D3-BF4B-00C04F79EFBC}") = "01.LargestCommonEnd", "01.LargestCommonEnd\01.LargestCommonEnd.csproj", "{F7262255-DD98-4FD3-96B7-ABCFDDE3F528}"
EndProject
Project("{FAE04EC0-301F-11D3-BF4B-00C04F79EFBC}") = "02.RotateAndSum", "02.RotateAndSum\02.RotateAndSum.csproj", "{E18B070E-50C4-4BED-98A6-321C756043C8}"
EndProject
Project("{FAE04EC0-301F-11D3-BF4B-00C04F79EFBC}") = "03.FoldAndSum", "03.FoldAndSum\03.FoldAndSum.csproj", "{0108AA4A-0814-4232-8310-4362660DEE6F}"
EndProject
Project("{FAE04EC0-301F-11D3-BF4B-00C04F79EFBC}") = "04.SieveOfEratosthenes", "04.SieveOfEratosthenes\04.SieveOfEratosthenes.csproj", "{0134C326-3DC9-4EA3-B2EF-78754393120B}"
EndProject
Project("{FAE04EC0-301F-11D3-BF4B-00C04F79EFBC}") = "05.CompareCharArrays", "05.CompareCharArrays\05.CompareCharArrays.csproj", "{AA849D9F-6245-49C2-9547-F01F9FE4304C}"
EndProject
Project("{FAE04EC0-301F-11D3-BF4B-00C04F79EFBC}") = "06.MaxSequenceOfEqualElements", "06.MaxSequenceOfEqualElements\06.MaxSequenceOfEqualElements.csproj", "{48015E62-476C-4C92-89DB-DB81D55CF16B}"
EndProject
Project("{FAE04EC0-301F-11D3-BF4B-00C04F79EFBC}") = "07.MaxSequenceOfIncreasingNumbers", "07.MaxSequenceOfIncreasingNumbers\07.MaxSequenceOfIncreasingNumbers.csproj", "{979B39D9-3C5A-44C2-80BC-BE91BBBFECFF}"
EndProject
Project("{FAE04EC0-301F-11D3-BF4B-00C04F79EFBC}") = "08.MostFrequentNumber", "08.MostFrequentNumber\08.MostFrequentNumber.csproj", "{24965F02-992D-476B-BCB0-FC60C5D2AC9C}"
EndProject
Project("{FAE04EC0-301F-11D3-BF4B-00C04F79EFBC}") = "09.IndexOfLetters", "09.IndexOfLetters\09.IndexOfLetters.csproj", "{107FC7F6-A656-4FEA-ABA0-5D7ACA532791}"
EndProject
Project("{FAE04EC0-301F-11D3-BF4B-00C04F79EFBC}") = "10.PairsByDifference", "10.PairsByDifference\10.PairsByDifference.csproj", "{66A7E016-B619-4C03-B1E1-6A34F054A906}"
EndProject
Project("{FAE04EC0-301F-11D3-BF4B-00C04F79EFBC}") = "11.EqualSums", "11.EqualSums\11.EqualSums.csproj", "{376AB545-0E43-478E-95AC-448B4D97F90A}"
EndProject
Global
	GlobalSection(SolutionConfigurationPlatforms) = preSolution
		Debug|Any CPU = Debug|Any CPU
		Release|Any CPU = Release|Any CPU
	EndGlobalSection
	GlobalSection(ProjectConfigurationPlatforms) = postSolution
		{F7262255-DD98-4FD3-96B7-ABCFDDE3F528}.Debug|Any CPU.ActiveCfg = Debug|Any CPU
		{F7262255-DD98-4FD3-96B7-ABCFDDE3F528}.Debug|Any CPU.Build.0 = Debug|Any CPU
		{F7262255-DD98-4FD3-96B7-ABCFDDE3F528}.Release|Any CPU.ActiveCfg = Release|Any CPU
		{F7262255-DD98-4FD3-96B7-ABCFDDE3F528}.Release|Any CPU.Build.0 = Release|Any CPU
		{E18B070E-50C4-4BED-98A6-321C756043C8}.Debug|Any CPU.ActiveCfg = Debug|Any CPU
		{E18B070E-50C4-4BED-98A6-321C756043C8}.Debug|Any CPU.Build.0 = Debug|Any CPU
		{E18B070E-50C4-4BED-98A6-321C756043C8}.Release|Any CPU.ActiveCfg = Release|Any CPU
		{E18B070E-50C4-4BED-98A6-321C756043C8}.Release|Any CPU.Build.0 = Release|Any CPU
		{0108AA4A-0814-4232-8310-4362660DEE6F}.Debug|Any CPU.ActiveCfg = Debug|Any CPU
		{0108AA4A-0814-4232-8310-4362660DEE6F}.Debug|Any CPU.Build.0 = Debug|Any CPU
		{0108AA4A-0814-4232-8310-4362660DEE6F}.Release|Any CPU.ActiveCfg = Release|Any CPU
		{0108AA4A-0814-4232-8310-4362660DEE6F}.Release|Any CPU.Build.0 = Release|Any CPU
		{0134C326-3DC9-4EA3-B2EF-78754393120B}.Debug|Any CPU.ActiveCfg = Debug|Any CPU
		{0134C326-3DC9-4EA3-B2EF-78754393120B}.Debug|Any CPU.Build.0 = Debug|Any CPU
		{0134C326-3DC9-4EA3-B2EF-78754393120B}.Release|Any CPU.ActiveCfg = Release|Any CPU
		{0134C326-3DC9-4EA3-B2EF-78754393120B}.Release|Any CPU.Build.0 = Release|Any CPU
		{AA849D9F-6245-49C2-9547-F01F9FE4304C}.Debug|Any CPU.ActiveCfg = Debug|Any CPU
		{AA849D9F-6245-49C2-9547-F01F9FE4304C}.Debug|Any CPU.Build.0 = Debug|Any CPU
		{AA849D9F-6245-49C2-9547-F01F9FE4304C}.Release|Any CPU.ActiveCfg = Release|Any CPU
		{AA849D9F-6245-49C2-9547-F01F9FE4304C}.Release|Any CPU.Build.0 = Release|Any CPU
		{48015E62-476C-4C92-89DB-DB81D55CF16B}.Debug|Any CPU.ActiveCfg = Debug|Any CPU
		{48015E62-476C-4C92-89DB-DB81D55CF16B}.Debug|Any CPU.Build.0 = Debug|Any CPU
		{48015E62-476C-4C92-89DB-DB81D55CF16B}.Release|Any CPU.ActiveCfg = Release|Any CPU
		{48015E62-476C-4C92-89DB-DB81D55CF16B}.Release|Any CPU.Build.0 = Release|Any CPU
		{979B39D9-3C5A-44C2-80BC-BE91BBBFECFF}.Debug|Any CPU.ActiveCfg = Debug|Any CPU
		{979B39D9-3C5A-44C2-80BC-BE91BBBFECFF}.Debug|Any CPU.Build.0 = Debug|Any CPU
		{979B39D9-3C5A-44C2-80BC-BE91BBBFECFF}.Release|Any CPU.ActiveCfg = Release|Any CPU
		{979B39D9-3C5A-44C2-80BC-BE91BBBFECFF}.Release|Any CPU.Build.0 = Release|Any CPU
		{24965F02-992D-476B-BCB0-FC60C5D2AC9C}.Debug|Any CPU.ActiveCfg = Debug|Any CPU
		{24965F02-992D-476B-BCB0-FC60C5D2AC9C}.Debug|Any CPU.Build.0 = Debug|Any CPU
		{24965F02-992D-476B-BCB0-FC60C5D2AC9C}.Release|Any CPU.ActiveCfg = Release|Any CPU
		{24965F02-992D-476B-BCB0-FC60C5D2AC9C}.Release|Any CPU.Build.0 = Release|Any CPU
		{107FC7F6-A656-4FEA-ABA0-5D7ACA532791}.Debug|Any CPU.ActiveCfg = Debug|Any CPU
		{107FC7F6-A656-4FEA-ABA0-5D7ACA532791}.Debug|Any CPU.Build.0 = Debug|Any CPU
		{107FC7F6-A656-4FEA-ABA0-5D7ACA532791}.Release|Any CPU.ActiveCfg = Release|Any CPU
		{107FC7F6-A656-4FEA-ABA0-5D7ACA532791}.Release|Any CPU.Build.0 = Release|Any CPU
		{66A7E016-B619-4C03-B1E1-6A34F054A906}.Debug|Any CPU.ActiveCfg = Debug|Any CPU
		{66A7E016-B619-4C03-B1E1-6A34F054A906}.Debug|Any CPU.Build.0 = Debug|Any CPU
		{66A7E016-B619-4C03-B1E1-6A34F054A906}.Release|Any CPU.ActiveCfg = Release|Any CPU
		{66A7E016-B619-4C03-B1E1-6A34F054A906}.Release|Any CPU.Build.0 = Release|Any CPU
		{376AB545-0E43-478E-95AC-448B4D97F90A}.Debug|Any CPU.ActiveCfg = Debug|Any CPU
		{376AB545-0E43-478E-95AC-448B4D97F90A}.Debug|Any CPU.Build.0 = Debug|Any CPU
		{376AB545-0E43-478E-95AC-448B4D97F90A}.Release|Any CPU.ActiveCfg = Release|Any CPU
		{376AB545-0E43-478E-95AC-448B4D97F90A}.Release|Any CPU.Build.0 = Release|Any CPU
	EndGlobalSection
	GlobalSection(SolutionProperties) = preSolution
		HideSolutionNode = FALSE
	EndGlobalSection
	GlobalSection(ExtensibilityGlobals) = postSolution
		SolutionGuid = {2BC5625B-66FF-4E77-B5B9-6AE9095499BD}
	EndGlobalSection
EndGlobal
